// !$*UTF8*$!
{
	archiveVersion = 1;
	classes = {
	};
	objectVersion = 56;
	objects = {

/* Begin PBXBuildFile section */
		FF07E9BA29ED5AA700872D26 /* Errors.swift in Sources */ = {isa = PBXBuildFile; fileRef = FF07E9B929ED5AA700872D26 /* Errors.swift */; };
		FF07E9BE29EE9BA100872D26 /* MainView.swift in Sources */ = {isa = PBXBuildFile; fileRef = FF07E9BD29EE9BA000872D26 /* MainView.swift */; };
		FF50ACF629F936260049382A /* SettingsTableViewCell.swift in Sources */ = {isa = PBXBuildFile; fileRef = FF50ACF529F936260049382A /* SettingsTableViewCell.swift */; };
		FF6865682A011B5B000916BE /* HourlyDataCell.swift in Sources */ = {isa = PBXBuildFile; fileRef = FF6865672A011B5B000916BE /* HourlyDataCell.swift */; };
		FF68656A2A01408F000916BE /* DayWeatherTableViewCell.swift in Sources */ = {isa = PBXBuildFile; fileRef = FF6865692A01408F000916BE /* DayWeatherTableViewCell.swift */; };
		FF68656C2A025104000916BE /* SunAndMoonTableViewCell.swift in Sources */ = {isa = PBXBuildFile; fileRef = FF68656B2A025104000916BE /* SunAndMoonTableViewCell.swift */; };
		FF6865732A028B06000916BE /* HourlyWeatherView.swift in Sources */ = {isa = PBXBuildFile; fileRef = FF6865722A028B06000916BE /* HourlyWeatherView.swift */; };
		FF68F78729F6BBB400DDACA7 /* HourlyWeatherCollectionTableViewCell.swift in Sources */ = {isa = PBXBuildFile; fileRef = FF68F78629F6BBB300DDACA7 /* HourlyWeatherCollectionTableViewCell.swift */; };
		FF68F78929F6BC2600DDACA7 /* HourlyWeatherCollectionViewCell.swift in Sources */ = {isa = PBXBuildFile; fileRef = FF68F78829F6BC2600DDACA7 /* HourlyWeatherCollectionViewCell.swift */; };
		FF68F78D29F7EE5200DDACA7 /* TextPicker.swift in Sources */ = {isa = PBXBuildFile; fileRef = FF68F78C29F7EE5200DDACA7 /* TextPicker.swift */; };
		FF71E5BF2A13C42900E9DABA /* EmptyLocationViewController.swift in Sources */ = {isa = PBXBuildFile; fileRef = FF71E5BE2A13C42900E9DABA /* EmptyLocationViewController.swift */; };
		FF71E5C12A17A1DA00E9DABA /* PagesViewController.swift in Sources */ = {isa = PBXBuildFile; fileRef = FF71E5C02A17A1DA00E9DABA /* PagesViewController.swift */; };
		FF71E5C52A1B45B300E9DABA /* PagesViewDelegate.swift in Sources */ = {isa = PBXBuildFile; fileRef = FF71E5C42A1B45B300E9DABA /* PagesViewDelegate.swift */; };
		FF71E5EC2A1B942200E9DABA /* Geocoder.swift in Sources */ = {isa = PBXBuildFile; fileRef = FF71E5EB2A1B942200E9DABA /* Geocoder.swift */; };
		FF71E5EE2A1B955800E9DABA /* GeocoderJSON.swift in Sources */ = {isa = PBXBuildFile; fileRef = FF71E5ED2A1B955800E9DABA /* GeocoderJSON.swift */; };
		FF71E5F02A1CB94800E9DABA /* AlertPicker.swift in Sources */ = {isa = PBXBuildFile; fileRef = FF71E5EF2A1CB94800E9DABA /* AlertPicker.swift */; };
		FF71E61E2A1E7C3F00E9DABA /* WeatherHistory.swift in Sources */ = {isa = PBXBuildFile; fileRef = FF71E61D2A1E7C3F00E9DABA /* WeatherHistory.swift */; };
		FF71E6202A1FE5DE00E9DABA /* DailyPagesViewController.swift in Sources */ = {isa = PBXBuildFile; fileRef = FF71E61F2A1FE5DE00E9DABA /* DailyPagesViewController.swift */; };
		FF71E6222A1FF0BA00E9DABA /* DayWeatherViewDelegate.swift in Sources */ = {isa = PBXBuildFile; fileRef = FF71E6212A1FF0BA00E9DABA /* DayWeatherViewDelegate.swift */; };
		FF71E6242A1FF41500E9DABA /* LocationsTableViewCell.swift in Sources */ = {isa = PBXBuildFile; fileRef = FF71E6232A1FF41500E9DABA /* LocationsTableViewCell.swift */; };
		FF793CFA29EEBD9E0081E858 /* DailyWeatherTableViewCell.swift in Sources */ = {isa = PBXBuildFile; fileRef = FF793CF929EEBD9E0081E858 /* DailyWeatherTableViewCell.swift */; };
		FF793CFC29F287890081E858 /* WeatherJSON.swift in Sources */ = {isa = PBXBuildFile; fileRef = FF793CFB29F287890081E858 /* WeatherJSON.swift */; };
		FFFF234329E531070036F8EC /* AppDelegate.swift in Sources */ = {isa = PBXBuildFile; fileRef = FFFF234229E531070036F8EC /* AppDelegate.swift */; };
		FFFF234529E531070036F8EC /* SceneDelegate.swift in Sources */ = {isa = PBXBuildFile; fileRef = FFFF234429E531070036F8EC /* SceneDelegate.swift */; };
		FFFF234729E531070036F8EC /* AllowDeviceLocationViewController.swift in Sources */ = {isa = PBXBuildFile; fileRef = FFFF234629E531070036F8EC /* AllowDeviceLocationViewController.swift */; };
		FFFF234D29E531070036F8EC /* WeatherApp.xcdatamodeld in Sources */ = {isa = PBXBuildFile; fileRef = FFFF234B29E531070036F8EC /* WeatherApp.xcdatamodeld */; };
		FFFF234F29E531090036F8EC /* Assets.xcassets in Resources */ = {isa = PBXBuildFile; fileRef = FFFF234E29E531090036F8EC /* Assets.xcassets */; };
		FFFF235229E531090036F8EC /* LaunchScreen.storyboard in Resources */ = {isa = PBXBuildFile; fileRef = FFFF235029E531090036F8EC /* LaunchScreen.storyboard */; };
		FFFF235A29E531500036F8EC /* CoreDataManager.swift in Sources */ = {isa = PBXBuildFile; fileRef = FFFF235929E531500036F8EC /* CoreDataManager.swift */; };
		FFFF236129E5427B0036F8EC /* MainViewController.swift in Sources */ = {isa = PBXBuildFile; fileRef = FFFF236029E5427B0036F8EC /* MainViewController.swift */; };
		FFFF236329E542F60036F8EC /* HourlyWeatherViewController.swift in Sources */ = {isa = PBXBuildFile; fileRef = FFFF236229E542F60036F8EC /* HourlyWeatherViewController.swift */; };
		FFFF236629E543360036F8EC /* DownloadManager.swift in Sources */ = {isa = PBXBuildFile; fileRef = FFFF236529E543360036F8EC /* DownloadManager.swift */; };
		FFFF236829E5436B0036F8EC /* DayWeatherViewController.swift in Sources */ = {isa = PBXBuildFile; fileRef = FFFF236729E5436B0036F8EC /* DayWeatherViewController.swift */; };
		FFFF236A29E5453F0036F8EC /* SettingsViewController.swift in Sources */ = {isa = PBXBuildFile; fileRef = FFFF236929E5453F0036F8EC /* SettingsViewController.swift */; };
		FFFF237029E697300036F8EC /* SnapKit in Frameworks */ = {isa = PBXBuildFile; productRef = FFFF236F29E697300036F8EC /* SnapKit */; };
		FFFF237429E6D03F0036F8EC /* Custom.swift in Sources */ = {isa = PBXBuildFile; fileRef = FFFF237329E6D03F0036F8EC /* Custom.swift */; };
		FFFF237629E81B850036F8EC /* TabBarController.swift in Sources */ = {isa = PBXBuildFile; fileRef = FFFF237529E81B850036F8EC /* TabBarController.swift */; };
/* End PBXBuildFile section */

/* Begin PBXFileReference section */
		FF07E9B929ED5AA700872D26 /* Errors.swift */ = {isa = PBXFileReference; lastKnownFileType = sourcecode.swift; path = Errors.swift; sourceTree = "<group>"; };
		FF07E9BD29EE9BA000872D26 /* MainView.swift */ = {isa = PBXFileReference; lastKnownFileType = sourcecode.swift; path = MainView.swift; sourceTree = "<group>"; };
		FF50ACF529F936260049382A /* SettingsTableViewCell.swift */ = {isa = PBXFileReference; lastKnownFileType = sourcecode.swift; path = SettingsTableViewCell.swift; sourceTree = "<group>"; };
		FF6865672A011B5B000916BE /* HourlyDataCell.swift */ = {isa = PBXFileReference; lastKnownFileType = sourcecode.swift; path = HourlyDataCell.swift; sourceTree = "<group>"; };
		FF6865692A01408F000916BE /* DayWeatherTableViewCell.swift */ = {isa = PBXFileReference; lastKnownFileType = sourcecode.swift; path = DayWeatherTableViewCell.swift; sourceTree = "<group>"; };
		FF68656B2A025104000916BE /* SunAndMoonTableViewCell.swift */ = {isa = PBXFileReference; lastKnownFileType = sourcecode.swift; path = SunAndMoonTableViewCell.swift; sourceTree = "<group>"; };
		FF6865722A028B06000916BE /* HourlyWeatherView.swift */ = {isa = PBXFileReference; lastKnownFileType = sourcecode.swift; path = HourlyWeatherView.swift; sourceTree = "<group>"; };
		FF68F78629F6BBB300DDACA7 /* HourlyWeatherCollectionTableViewCell.swift */ = {isa = PBXFileReference; lastKnownFileType = sourcecode.swift; path = HourlyWeatherCollectionTableViewCell.swift; sourceTree = "<group>"; };
		FF68F78829F6BC2600DDACA7 /* HourlyWeatherCollectionViewCell.swift */ = {isa = PBXFileReference; lastKnownFileType = sourcecode.swift; path = HourlyWeatherCollectionViewCell.swift; sourceTree = "<group>"; };
		FF68F78C29F7EE5200DDACA7 /* TextPicker.swift */ = {isa = PBXFileReference; lastKnownFileType = sourcecode.swift; path = TextPicker.swift; sourceTree = "<group>"; };
		FF71E5BE2A13C42900E9DABA /* EmptyLocationViewController.swift */ = {isa = PBXFileReference; lastKnownFileType = sourcecode.swift; path = EmptyLocationViewController.swift; sourceTree = "<group>"; };
		FF71E5C02A17A1DA00E9DABA /* PagesViewController.swift */ = {isa = PBXFileReference; lastKnownFileType = sourcecode.swift; path = PagesViewController.swift; sourceTree = "<group>"; };
		FF71E5C42A1B45B300E9DABA /* PagesViewDelegate.swift */ = {isa = PBXFileReference; lastKnownFileType = sourcecode.swift; path = PagesViewDelegate.swift; sourceTree = "<group>"; };
		FF71E5EB2A1B942200E9DABA /* Geocoder.swift */ = {isa = PBXFileReference; lastKnownFileType = sourcecode.swift; path = Geocoder.swift; sourceTree = "<group>"; };
		FF71E5ED2A1B955800E9DABA /* GeocoderJSON.swift */ = {isa = PBXFileReference; lastKnownFileType = sourcecode.swift; path = GeocoderJSON.swift; sourceTree = "<group>"; };
		FF71E5EF2A1CB94800E9DABA /* AlertPicker.swift */ = {isa = PBXFileReference; lastKnownFileType = sourcecode.swift; path = AlertPicker.swift; sourceTree = "<group>"; };
		FF71E61D2A1E7C3F00E9DABA /* WeatherHistory.swift */ = {isa = PBXFileReference; lastKnownFileType = sourcecode.swift; path = WeatherHistory.swift; sourceTree = "<group>"; };
		FF71E61F2A1FE5DE00E9DABA /* DailyPagesViewController.swift */ = {isa = PBXFileReference; lastKnownFileType = sourcecode.swift; path = DailyPagesViewController.swift; sourceTree = "<group>"; };
		FF71E6212A1FF0BA00E9DABA /* DayWeatherViewDelegate.swift */ = {isa = PBXFileReference; lastKnownFileType = sourcecode.swift; path = DayWeatherViewDelegate.swift; sourceTree = "<group>"; };
		FF71E6232A1FF41500E9DABA /* LocationsTableViewCell.swift */ = {isa = PBXFileReference; lastKnownFileType = sourcecode.swift; path = LocationsTableViewCell.swift; sourceTree = "<group>"; };
		FF793CF929EEBD9E0081E858 /* DailyWeatherTableViewCell.swift */ = {isa = PBXFileReference; lastKnownFileType = sourcecode.swift; path = DailyWeatherTableViewCell.swift; sourceTree = "<group>"; };
		FF793CFB29F287890081E858 /* WeatherJSON.swift */ = {isa = PBXFileReference; lastKnownFileType = sourcecode.swift; path = WeatherJSON.swift; sourceTree = "<group>"; };
		FFFF233F29E531070036F8EC /* WeatherApp.app */ = {isa = PBXFileReference; explicitFileType = wrapper.application; includeInIndex = 0; path = WeatherApp.app; sourceTree = BUILT_PRODUCTS_DIR; };
		FFFF234229E531070036F8EC /* AppDelegate.swift */ = {isa = PBXFileReference; lastKnownFileType = sourcecode.swift; path = AppDelegate.swift; sourceTree = "<group>"; };
		FFFF234429E531070036F8EC /* SceneDelegate.swift */ = {isa = PBXFileReference; lastKnownFileType = sourcecode.swift; path = SceneDelegate.swift; sourceTree = "<group>"; };
		FFFF234629E531070036F8EC /* AllowDeviceLocationViewController.swift */ = {isa = PBXFileReference; lastKnownFileType = sourcecode.swift; path = AllowDeviceLocationViewController.swift; sourceTree = "<group>"; };
		FFFF234C29E531070036F8EC /* WeatherApp.xcdatamodel */ = {isa = PBXFileReference; lastKnownFileType = wrapper.xcdatamodel; path = WeatherApp.xcdatamodel; sourceTree = "<group>"; };
		FFFF234E29E531090036F8EC /* Assets.xcassets */ = {isa = PBXFileReference; lastKnownFileType = folder.assetcatalog; path = Assets.xcassets; sourceTree = "<group>"; };
		FFFF235129E531090036F8EC /* Base */ = {isa = PBXFileReference; lastKnownFileType = file.storyboard; name = Base; path = Base.lproj/LaunchScreen.storyboard; sourceTree = "<group>"; };
		FFFF235329E531090036F8EC /* Info.plist */ = {isa = PBXFileReference; lastKnownFileType = text.plist.xml; path = Info.plist; sourceTree = "<group>"; };
		FFFF235929E531500036F8EC /* CoreDataManager.swift */ = {isa = PBXFileReference; lastKnownFileType = sourcecode.swift; path = CoreDataManager.swift; sourceTree = "<group>"; };
		FFFF236029E5427B0036F8EC /* MainViewController.swift */ = {isa = PBXFileReference; lastKnownFileType = sourcecode.swift; path = MainViewController.swift; sourceTree = "<group>"; };
		FFFF236229E542F60036F8EC /* HourlyWeatherViewController.swift */ = {isa = PBXFileReference; lastKnownFileType = sourcecode.swift; path = HourlyWeatherViewController.swift; sourceTree = "<group>"; };
		FFFF236529E543360036F8EC /* DownloadManager.swift */ = {isa = PBXFileReference; lastKnownFileType = sourcecode.swift; path = DownloadManager.swift; sourceTree = "<group>"; };
		FFFF236729E5436B0036F8EC /* DayWeatherViewController.swift */ = {isa = PBXFileReference; lastKnownFileType = sourcecode.swift; path = DayWeatherViewController.swift; sourceTree = "<group>"; };
		FFFF236929E5453F0036F8EC /* SettingsViewController.swift */ = {isa = PBXFileReference; lastKnownFileType = sourcecode.swift; path = SettingsViewController.swift; sourceTree = "<group>"; };
		FFFF237329E6D03F0036F8EC /* Custom.swift */ = {isa = PBXFileReference; lastKnownFileType = sourcecode.swift; path = Custom.swift; sourceTree = "<group>"; };
		FFFF237529E81B850036F8EC /* TabBarController.swift */ = {isa = PBXFileReference; lastKnownFileType = sourcecode.swift; path = TabBarController.swift; sourceTree = "<group>"; };
/* End PBXFileReference section */

/* Begin PBXFrameworksBuildPhase section */
		FFFF233C29E531070036F8EC /* Frameworks */ = {
			isa = PBXFrameworksBuildPhase;
			buildActionMask = 2147483647;
			files = (
				FFFF237029E697300036F8EC /* SnapKit in Frameworks */,
			);
			runOnlyForDeploymentPostprocessing = 0;
		};
/* End PBXFrameworksBuildPhase section */

/* Begin PBXGroup section */
		FF07E9B829ED5A9600872D26 /* Errors */ = {
			isa = PBXGroup;
			children = (
				FF07E9B929ED5AA700872D26 /* Errors.swift */,
			);
			path = Errors;
			sourceTree = "<group>";
		};
		FF50ACF429F935A80049382A /* Settings */ = {
			isa = PBXGroup;
			children = (
				FFFF236929E5453F0036F8EC /* SettingsViewController.swift */,
				FF50ACF529F936260049382A /* SettingsTableViewCell.swift */,
				FF71E6232A1FF41500E9DABA /* LocationsTableViewCell.swift */,
			);
			path = Settings;
			sourceTree = "<group>";
		};
		FF6865652A011B26000916BE /* HourlyData */ = {
			isa = PBXGroup;
			children = (
				FFFF236229E542F60036F8EC /* HourlyWeatherViewController.swift */,
				FF6865672A011B5B000916BE /* HourlyDataCell.swift */,
				FF6865722A028B06000916BE /* HourlyWeatherView.swift */,
				FF68F78629F6BBB300DDACA7 /* HourlyWeatherCollectionTableViewCell.swift */,
				FF68F78829F6BC2600DDACA7 /* HourlyWeatherCollectionViewCell.swift */,
			);
			path = HourlyData;
			sourceTree = "<group>";
		};
		FF6865662A011B35000916BE /* DailyData */ = {
			isa = PBXGroup;
			children = (
				FF71E61F2A1FE5DE00E9DABA /* DailyPagesViewController.swift */,
				FFFF236729E5436B0036F8EC /* DayWeatherViewController.swift */,
				FF71E6212A1FF0BA00E9DABA /* DayWeatherViewDelegate.swift */,
				FF6865692A01408F000916BE /* DayWeatherTableViewCell.swift */,
				FF68656B2A025104000916BE /* SunAndMoonTableViewCell.swift */,
				FF793CF929EEBD9E0081E858 /* DailyWeatherTableViewCell.swift */,
			);
			path = DailyData;
			sourceTree = "<group>";
		};
		FF68F78A29F6BCC900DDACA7 /* Main */ = {
			isa = PBXGroup;
			children = (
				FFFF234629E531070036F8EC /* AllowDeviceLocationViewController.swift */,
				FF71E5C02A17A1DA00E9DABA /* PagesViewController.swift */,
				FF71E5C42A1B45B300E9DABA /* PagesViewDelegate.swift */,
				FFFF236029E5427B0036F8EC /* MainViewController.swift */,
				FF07E9BD29EE9BA000872D26 /* MainView.swift */,
				FF71E5BE2A13C42900E9DABA /* EmptyLocationViewController.swift */,
			);
			path = Main;
			sourceTree = "<group>";
		};
		FF68F78B29F7EE4500DDACA7 /* Pickers */ = {
			isa = PBXGroup;
			children = (
				FF68F78C29F7EE5200DDACA7 /* TextPicker.swift */,
				FF71E5EF2A1CB94800E9DABA /* AlertPicker.swift */,
			);
			path = Pickers;
			sourceTree = "<group>";
		};
		FF71E61C2A1E7C1B00E9DABA /* SwiftUI */ = {
			isa = PBXGroup;
			children = (
				FF71E61D2A1E7C3F00E9DABA /* WeatherHistory.swift */,
			);
			path = SwiftUI;
			sourceTree = "<group>";
		};
		FFFF233629E531070036F8EC = {
			isa = PBXGroup;
			children = (
				FFFF234129E531070036F8EC /* WeatherApp */,
				FFFF234029E531070036F8EC /* Products */,
			);
			sourceTree = "<group>";
		};
		FFFF234029E531070036F8EC /* Products */ = {
			isa = PBXGroup;
			children = (
				FFFF233F29E531070036F8EC /* WeatherApp.app */,
			);
			name = Products;
			sourceTree = "<group>";
		};
		FFFF234129E531070036F8EC /* WeatherApp */ = {
			isa = PBXGroup;
			children = (
				FF71E61C2A1E7C1B00E9DABA /* SwiftUI */,
				FF50ACF429F935A80049382A /* Settings */,
				FF68F78B29F7EE4500DDACA7 /* Pickers */,
				FF07E9B829ED5A9600872D26 /* Errors */,
				FFFF236429E543220036F8EC /* Download Manager */,
				FFFF235F29E5409F0036F8EC /* Core Data */,
				FFFF235B29E53C1A0036F8EC /* App */,
				FF68F78A29F6BCC900DDACA7 /* Main */,
				FF6865652A011B26000916BE /* HourlyData */,
				FF6865662A011B35000916BE /* DailyData */,
				FFFF237329E6D03F0036F8EC /* Custom.swift */,
				FFFF235329E531090036F8EC /* Info.plist */,
				FFFF235029E531090036F8EC /* LaunchScreen.storyboard */,
				FFFF234E29E531090036F8EC /* Assets.xcassets */,
			);
			path = WeatherApp;
			sourceTree = "<group>";
		};
		FFFF235B29E53C1A0036F8EC /* App */ = {
			isa = PBXGroup;
			children = (
				FFFF234229E531070036F8EC /* AppDelegate.swift */,
				FFFF234429E531070036F8EC /* SceneDelegate.swift */,
				FFFF237529E81B850036F8EC /* TabBarController.swift */,
			);
			path = App;
			sourceTree = "<group>";
		};
		FFFF235F29E5409F0036F8EC /* Core Data */ = {
			isa = PBXGroup;
			children = (
				FFFF234B29E531070036F8EC /* WeatherApp.xcdatamodeld */,
				FFFF235929E531500036F8EC /* CoreDataManager.swift */,
			);
			path = "Core Data";
			sourceTree = "<group>";
		};
		FFFF236429E543220036F8EC /* Download Manager */ = {
			isa = PBXGroup;
			children = (
				FFFF236529E543360036F8EC /* DownloadManager.swift */,
				FF793CFB29F287890081E858 /* WeatherJSON.swift */,
				FF71E5EB2A1B942200E9DABA /* Geocoder.swift */,
				FF71E5ED2A1B955800E9DABA /* GeocoderJSON.swift */,
			);
			path = "Download Manager";
			sourceTree = "<group>";
		};
/* End PBXGroup section */

/* Begin PBXNativeTarget section */
		FFFF233E29E531070036F8EC /* WeatherApp */ = {
			isa = PBXNativeTarget;
			buildConfigurationList = FFFF235629E531090036F8EC /* Build configuration list for PBXNativeTarget "WeatherApp" */;
			buildPhases = (
				FFFF233B29E531070036F8EC /* Sources */,
				FFFF233C29E531070036F8EC /* Frameworks */,
				FFFF233D29E531070036F8EC /* Resources */,
			);
			buildRules = (
			);
			dependencies = (
			);
			name = WeatherApp;
			packageProductDependencies = (
				FFFF236F29E697300036F8EC /* SnapKit */,
			);
			productName = WeatherApp;
			productReference = FFFF233F29E531070036F8EC /* WeatherApp.app */;
			productType = "com.apple.product-type.application";
		};
/* End PBXNativeTarget section */

/* Begin PBXProject section */
		FFFF233729E531070036F8EC /* Project object */ = {
			isa = PBXProject;
			attributes = {
				BuildIndependentTargetsInParallel = 1;
				LastSwiftUpdateCheck = 1430;
				LastUpgradeCheck = 1430;
				TargetAttributes = {
					FFFF233E29E531070036F8EC = {
						CreatedOnToolsVersion = 14.3;
					};
				};
			};
			buildConfigurationList = FFFF233A29E531070036F8EC /* Build configuration list for PBXProject "WeatherApp" */;
			compatibilityVersion = "Xcode 14.0";
			developmentRegion = en;
			hasScannedForEncodings = 0;
			knownRegions = (
				en,
				Base,
			);
			mainGroup = FFFF233629E531070036F8EC;
			packageReferences = (
				FFFF236E29E697300036F8EC /* XCRemoteSwiftPackageReference "SnapKit" */,
			);
			productRefGroup = FFFF234029E531070036F8EC /* Products */;
			projectDirPath = "";
			projectRoot = "";
			targets = (
				FFFF233E29E531070036F8EC /* WeatherApp */,
			);
		};
/* End PBXProject section */

/* Begin PBXResourcesBuildPhase section */
		FFFF233D29E531070036F8EC /* Resources */ = {
			isa = PBXResourcesBuildPhase;
			buildActionMask = 2147483647;
			files = (
				FFFF235229E531090036F8EC /* LaunchScreen.storyboard in Resources */,
				FFFF234F29E531090036F8EC /* Assets.xcassets in Resources */,
			);
			runOnlyForDeploymentPostprocessing = 0;
		};
/* End PBXResourcesBuildPhase section */

/* Begin PBXSourcesBuildPhase section */
		FFFF233B29E531070036F8EC /* Sources */ = {
			isa = PBXSourcesBuildPhase;
			buildActionMask = 2147483647;
			files = (
				FF71E5EC2A1B942200E9DABA /* Geocoder.swift in Sources */,
				FF71E5F02A1CB94800E9DABA /* AlertPicker.swift in Sources */,
				FFFF234D29E531070036F8EC /* WeatherApp.xcdatamodeld in Sources */,
				FF6865682A011B5B000916BE /* HourlyDataCell.swift in Sources */,
				FFFF234729E531070036F8EC /* AllowDeviceLocationViewController.swift in Sources */,
				FFFF237429E6D03F0036F8EC /* Custom.swift in Sources */,
				FF71E6222A1FF0BA00E9DABA /* DayWeatherViewDelegate.swift in Sources */,
				FF68656C2A025104000916BE /* SunAndMoonTableViewCell.swift in Sources */,
				FFFF236829E5436B0036F8EC /* DayWeatherViewController.swift in Sources */,
				FF793CFA29EEBD9E0081E858 /* DailyWeatherTableViewCell.swift in Sources */,
				FF68F78929F6BC2600DDACA7 /* HourlyWeatherCollectionViewCell.swift in Sources */,
				FF68656A2A01408F000916BE /* DayWeatherTableViewCell.swift in Sources */,
				FF68F78D29F7EE5200DDACA7 /* TextPicker.swift in Sources */,
				FFFF234329E531070036F8EC /* AppDelegate.swift in Sources */,
				FF68F78729F6BBB400DDACA7 /* HourlyWeatherCollectionTableViewCell.swift in Sources */,
				FFFF236629E543360036F8EC /* DownloadManager.swift in Sources */,
				FF71E5C52A1B45B300E9DABA /* PagesViewDelegate.swift in Sources */,
				FF71E61E2A1E7C3F00E9DABA /* WeatherHistory.swift in Sources */,
				FF50ACF629F936260049382A /* SettingsTableViewCell.swift in Sources */,
				FF6865732A028B06000916BE /* HourlyWeatherView.swift in Sources */,
				FFFF236A29E5453F0036F8EC /* SettingsViewController.swift in Sources */,
				FF71E6202A1FE5DE00E9DABA /* DailyPagesViewController.swift in Sources */,
				FF07E9BA29ED5AA700872D26 /* Errors.swift in Sources */,
				FFFF236129E5427B0036F8EC /* MainViewController.swift in Sources */,
				FFFF235A29E531500036F8EC /* CoreDataManager.swift in Sources */,
				FF71E5EE2A1B955800E9DABA /* GeocoderJSON.swift in Sources */,
				FFFF237629E81B850036F8EC /* TabBarController.swift in Sources */,
				FF71E5C12A17A1DA00E9DABA /* PagesViewController.swift in Sources */,
				FFFF234529E531070036F8EC /* SceneDelegate.swift in Sources */,
				FF793CFC29F287890081E858 /* WeatherJSON.swift in Sources */,
				FF71E6242A1FF41500E9DABA /* LocationsTableViewCell.swift in Sources */,
				FF71E5BF2A13C42900E9DABA /* EmptyLocationViewController.swift in Sources */,
				FF07E9BE29EE9BA100872D26 /* MainView.swift in Sources */,
				FFFF236329E542F60036F8EC /* HourlyWeatherViewController.swift in Sources */,
			);
			runOnlyForDeploymentPostprocessing = 0;
		};
/* End PBXSourcesBuildPhase section */

/* Begin PBXVariantGroup section */
		FFFF235029E531090036F8EC /* LaunchScreen.storyboard */ = {
			isa = PBXVariantGroup;
			children = (
				FFFF235129E531090036F8EC /* Base */,
			);
			name = LaunchScreen.storyboard;
			sourceTree = "<group>";
		};
/* End PBXVariantGroup section */

/* Begin XCBuildConfiguration section */
		FFFF235429E531090036F8EC /* Debug */ = {
			isa = XCBuildConfiguration;
			buildSettings = {
				ALWAYS_SEARCH_USER_PATHS = NO;
				CLANG_ANALYZER_NONNULL = YES;
				CLANG_ANALYZER_NUMBER_OBJECT_CONVERSION = YES_AGGRESSIVE;
				CLANG_CXX_LANGUAGE_STANDARD = "gnu++20";
				CLANG_ENABLE_MODULES = YES;
				CLANG_ENABLE_OBJC_ARC = YES;
				CLANG_ENABLE_OBJC_WEAK = YES;
				CLANG_WARN_BLOCK_CAPTURE_AUTORELEASING = YES;
				CLANG_WARN_BOOL_CONVERSION = YES;
				CLANG_WARN_COMMA = YES;
				CLANG_WARN_CONSTANT_CONVERSION = YES;
				CLANG_WARN_DEPRECATED_OBJC_IMPLEMENTATIONS = YES;
				CLANG_WARN_DIRECT_OBJC_ISA_USAGE = YES_ERROR;
				CLANG_WARN_DOCUMENTATION_COMMENTS = YES;
				CLANG_WARN_EMPTY_BODY = YES;
				CLANG_WARN_ENUM_CONVERSION = YES;
				CLANG_WARN_INFINITE_RECURSION = YES;
				CLANG_WARN_INT_CONVERSION = YES;
				CLANG_WARN_NON_LITERAL_NULL_CONVERSION = YES;
				CLANG_WARN_OBJC_IMPLICIT_RETAIN_SELF = YES;
				CLANG_WARN_OBJC_LITERAL_CONVERSION = YES;
				CLANG_WARN_OBJC_ROOT_CLASS = YES_ERROR;
				CLANG_WARN_QUOTED_INCLUDE_IN_FRAMEWORK_HEADER = YES;
				CLANG_WARN_RANGE_LOOP_ANALYSIS = YES;
				CLANG_WARN_STRICT_PROTOTYPES = YES;
				CLANG_WARN_SUSPICIOUS_MOVE = YES;
				CLANG_WARN_UNGUARDED_AVAILABILITY = YES_AGGRESSIVE;
				CLANG_WARN_UNREACHABLE_CODE = YES;
				CLANG_WARN__DUPLICATE_METHOD_MATCH = YES;
				COPY_PHASE_STRIP = NO;
				DEBUG_INFORMATION_FORMAT = dwarf;
				ENABLE_STRICT_OBJC_MSGSEND = YES;
				ENABLE_TESTABILITY = YES;
				GCC_C_LANGUAGE_STANDARD = gnu11;
				GCC_DYNAMIC_NO_PIC = NO;
				GCC_NO_COMMON_BLOCKS = YES;
				GCC_OPTIMIZATION_LEVEL = 0;
				GCC_PREPROCESSOR_DEFINITIONS = (
					"DEBUG=1",
					"$(inherited)",
				);
				GCC_WARN_64_TO_32_BIT_CONVERSION = YES;
				GCC_WARN_ABOUT_RETURN_TYPE = YES_ERROR;
				GCC_WARN_UNDECLARED_SELECTOR = YES;
				GCC_WARN_UNINITIALIZED_AUTOS = YES_AGGRESSIVE;
				GCC_WARN_UNUSED_FUNCTION = YES;
				GCC_WARN_UNUSED_VARIABLE = YES;
				IPHONEOS_DEPLOYMENT_TARGET = 16.4;
				MTL_ENABLE_DEBUG_INFO = INCLUDE_SOURCE;
				MTL_FAST_MATH = YES;
				ONLY_ACTIVE_ARCH = YES;
				SDKROOT = iphoneos;
				SWIFT_ACTIVE_COMPILATION_CONDITIONS = DEBUG;
				SWIFT_OPTIMIZATION_LEVEL = "-Onone";
			};
			name = Debug;
		};
		FFFF235529E531090036F8EC /* Release */ = {
			isa = XCBuildConfiguration;
			buildSettings = {
				ALWAYS_SEARCH_USER_PATHS = NO;
				CLANG_ANALYZER_NONNULL = YES;
				CLANG_ANALYZER_NUMBER_OBJECT_CONVERSION = YES_AGGRESSIVE;
				CLANG_CXX_LANGUAGE_STANDARD = "gnu++20";
				CLANG_ENABLE_MODULES = YES;
				CLANG_ENABLE_OBJC_ARC = YES;
				CLANG_ENABLE_OBJC_WEAK = YES;
				CLANG_WARN_BLOCK_CAPTURE_AUTORELEASING = YES;
				CLANG_WARN_BOOL_CONVERSION = YES;
				CLANG_WARN_COMMA = YES;
				CLANG_WARN_CONSTANT_CONVERSION = YES;
				CLANG_WARN_DEPRECATED_OBJC_IMPLEMENTATIONS = YES;
				CLANG_WARN_DIRECT_OBJC_ISA_USAGE = YES_ERROR;
				CLANG_WARN_DOCUMENTATION_COMMENTS = YES;
				CLANG_WARN_EMPTY_BODY = YES;
				CLANG_WARN_ENUM_CONVERSION = YES;
				CLANG_WARN_INFINITE_RECURSION = YES;
				CLANG_WARN_INT_CONVERSION = YES;
				CLANG_WARN_NON_LITERAL_NULL_CONVERSION = YES;
				CLANG_WARN_OBJC_IMPLICIT_RETAIN_SELF = YES;
				CLANG_WARN_OBJC_LITERAL_CONVERSION = YES;
				CLANG_WARN_OBJC_ROOT_CLASS = YES_ERROR;
				CLANG_WARN_QUOTED_INCLUDE_IN_FRAMEWORK_HEADER = YES;
				CLANG_WARN_RANGE_LOOP_ANALYSIS = YES;
				CLANG_WARN_STRICT_PROTOTYPES = YES;
				CLANG_WARN_SUSPICIOUS_MOVE = YES;
				CLANG_WARN_UNGUARDED_AVAILABILITY = YES_AGGRESSIVE;
				CLANG_WARN_UNREACHABLE_CODE = YES;
				CLANG_WARN__DUPLICATE_METHOD_MATCH = YES;
				COPY_PHASE_STRIP = NO;
				DEBUG_INFORMATION_FORMAT = "dwarf-with-dsym";
				ENABLE_NS_ASSERTIONS = NO;
				ENABLE_STRICT_OBJC_MSGSEND = YES;
				GCC_C_LANGUAGE_STANDARD = gnu11;
				GCC_NO_COMMON_BLOCKS = YES;
				GCC_WARN_64_TO_32_BIT_CONVERSION = YES;
				GCC_WARN_ABOUT_RETURN_TYPE = YES_ERROR;
				GCC_WARN_UNDECLARED_SELECTOR = YES;
				GCC_WARN_UNINITIALIZED_AUTOS = YES_AGGRESSIVE;
				GCC_WARN_UNUSED_FUNCTION = YES;
				GCC_WARN_UNUSED_VARIABLE = YES;
				IPHONEOS_DEPLOYMENT_TARGET = 16.4;
				MTL_ENABLE_DEBUG_INFO = NO;
				MTL_FAST_MATH = YES;
				SDKROOT = iphoneos;
				SWIFT_COMPILATION_MODE = wholemodule;
				SWIFT_OPTIMIZATION_LEVEL = "-O";
				VALIDATE_PRODUCT = YES;
			};
			name = Release;
		};
		FFFF235729E531090036F8EC /* Debug */ = {
			isa = XCBuildConfiguration;
			buildSettings = {
				ASSETCATALOG_COMPILER_APPICON_NAME = AppIcon;
				ASSETCATALOG_COMPILER_GLOBAL_ACCENT_COLOR_NAME = AccentColor;
				CODE_SIGN_STYLE = Automatic;
				CURRENT_PROJECT_VERSION = 1;
				DEVELOPMENT_TEAM = 253C9QRN67;
				GENERATE_INFOPLIST_FILE = YES;
				INFOPLIST_FILE = WeatherApp/Info.plist;
				INFOPLIST_KEY_UIApplicationSupportsIndirectInputEvents = YES;
				INFOPLIST_KEY_UILaunchStoryboardName = LaunchScreen;
				INFOPLIST_KEY_UISupportedInterfaceOrientations_iPad = "UIInterfaceOrientationPortrait UIInterfaceOrientationPortraitUpsideDown UIInterfaceOrientationLandscapeLeft UIInterfaceOrientationLandscapeRight";
				INFOPLIST_KEY_UISupportedInterfaceOrientations_iPhone = "UIInterfaceOrientationPortrait UIInterfaceOrientationLandscapeLeft UIInterfaceOrientationLandscapeRight";
				LD_RUNPATH_SEARCH_PATHS = (
					"$(inherited)",
					"@executable_path/Frameworks",
				);
				MARKETING_VERSION = 1.0;
				PRODUCT_BUNDLE_IDENTIFIER = Alex.WeatherApp;
				PRODUCT_NAME = "$(TARGET_NAME)";
				SWIFT_EMIT_LOC_STRINGS = YES;
				SWIFT_VERSION = 5.0;
				TARGETED_DEVICE_FAMILY = "1,2";
			};
			name = Debug;
		};
		FFFF235829E531090036F8EC /* Release */ = {
			isa = XCBuildConfiguration;
			buildSettings = {
				ASSETCATALOG_COMPILER_APPICON_NAME = AppIcon;
				ASSETCATALOG_COMPILER_GLOBAL_ACCENT_COLOR_NAME = AccentColor;
				CODE_SIGN_STYLE = Automatic;
				CURRENT_PROJECT_VERSION = 1;
				DEVELOPMENT_TEAM = 253C9QRN67;
				GENERATE_INFOPLIST_FILE = YES;
				INFOPLIST_FILE = WeatherApp/Info.plist;
				INFOPLIST_KEY_UIApplicationSupportsIndirectInputEvents = YES;
				INFOPLIST_KEY_UILaunchStoryboardName = LaunchScreen;
				INFOPLIST_KEY_UISupportedInterfaceOrientations_iPad = "UIInterfaceOrientationPortrait UIInterfaceOrientationPortraitUpsideDown UIInterfaceOrientationLandscapeLeft UIInterfaceOrientationLandscapeRight";
				INFOPLIST_KEY_UISupportedInterfaceOrientations_iPhone = "UIInterfaceOrientationPortrait UIInterfaceOrientationLandscapeLeft UIInterfaceOrientationLandscapeRight";
				LD_RUNPATH_SEARCH_PATHS = (
					"$(inherited)",
					"@executable_path/Frameworks",
				);
				MARKETING_VERSION = 1.0;
				PRODUCT_BUNDLE_IDENTIFIER = Alex.WeatherApp;
				PRODUCT_NAME = "$(TARGET_NAME)";
				SWIFT_EMIT_LOC_STRINGS = YES;
				SWIFT_VERSION = 5.0;
				TARGETED_DEVICE_FAMILY = "1,2";
			};
			name = Release;
		};
/* End XCBuildConfiguration section */

/* Begin XCConfigurationList section */
		FFFF233A29E531070036F8EC /* Build configuration list for PBXProject "WeatherApp" */ = {
			isa = XCConfigurationList;
			buildConfigurations = (
				FFFF235429E531090036F8EC /* Debug */,
				FFFF235529E531090036F8EC /* Release */,
			);
			defaultConfigurationIsVisible = 0;
			defaultConfigurationName = Release;
		};
		FFFF235629E531090036F8EC /* Build configuration list for PBXNativeTarget "WeatherApp" */ = {
			isa = XCConfigurationList;
			buildConfigurations = (
				FFFF235729E531090036F8EC /* Debug */,
				FFFF235829E531090036F8EC /* Release */,
			);
			defaultConfigurationIsVisible = 0;
			defaultConfigurationName = Release;
		};
/* End XCConfigurationList section */

/* Begin XCRemoteSwiftPackageReference section */
		FFFF236E29E697300036F8EC /* XCRemoteSwiftPackageReference "SnapKit" */ = {
			isa = XCRemoteSwiftPackageReference;
			repositoryURL = "https://github.com/SnapKit/SnapKit.git";
			requirement = {
				kind = upToNextMajorVersion;
				minimumVersion = 5.0.0;
			};
		};
/* End XCRemoteSwiftPackageReference section */

/* Begin XCSwiftPackageProductDependency section */
		FFFF236F29E697300036F8EC /* SnapKit */ = {
			isa = XCSwiftPackageProductDependency;
			package = FFFF236E29E697300036F8EC /* XCRemoteSwiftPackageReference "SnapKit" */;
			productName = SnapKit;
		};
/* End XCSwiftPackageProductDependency section */

/* Begin XCVersionGroup section */
		FFFF234B29E531070036F8EC /* WeatherApp.xcdatamodeld */ = {
			isa = XCVersionGroup;
			children = (
				FFFF234C29E531070036F8EC /* WeatherApp.xcdatamodel */,
			);
			currentVersion = FFFF234C29E531070036F8EC /* WeatherApp.xcdatamodel */;
			path = WeatherApp.xcdatamodeld;
			sourceTree = "<group>";
			versionGroupType = wrapper.xcdatamodel;
		};
/* End XCVersionGroup section */
	};
	rootObject = FFFF233729E531070036F8EC /* Project object */;
}
